// !$*UTF8*$!
{
	archiveVersion = 1;
	classes = {
	};
	objectVersion = 50;
	objects = {

/* Begin PBXBuildFile section */
		EA57C8A9227084C800B7EDD7 /* AppDelegate.swift in Sources */ = {isa = PBXBuildFile; fileRef = EA57C8A8227084C800B7EDD7 /* AppDelegate.swift */; };
		EA57C8AB227084C800B7EDD7 /* ViewController.swift in Sources */ = {isa = PBXBuildFile; fileRef = EA57C8AA227084C800B7EDD7 /* ViewController.swift */; };
		EA57C8AE227084C800B7EDD7 /* Main.storyboard in Resources */ = {isa = PBXBuildFile; fileRef = EA57C8AC227084C800B7EDD7 /* Main.storyboard */; };
		EA57C8B0227084CD00B7EDD7 /* Assets.xcassets in Resources */ = {isa = PBXBuildFile; fileRef = EA57C8AF227084CD00B7EDD7 /* Assets.xcassets */; };
		EA57C8B3227084CD00B7EDD7 /* LaunchScreen.storyboard in Resources */ = {isa = PBXBuildFile; fileRef = EA57C8B1227084CD00B7EDD7 /* LaunchScreen.storyboard */; };
		EA57C8BE2270857B00B7EDD7 /* Localizable.strings in Resources */ = {isa = PBXBuildFile; fileRef = EA57C8C02270857B00B7EDD7 /* Localizable.strings */; };
/* End PBXBuildFile section */

/* Begin PBXFileReference section */
		EA4502EA2282B1E500BA90A7 /* hi */ = {isa = PBXFileReference; lastKnownFileType = text.plist.strings; name = hi; path = hi.lproj/Main.strings; sourceTree = "<group>"; };
		EA4502EB2282B1E500BA90A7 /* hi */ = {isa = PBXFileReference; lastKnownFileType = text.plist.strings; name = hi; path = hi.lproj/LaunchScreen.strings; sourceTree = "<group>"; };
		EA4502EC2282B1E500BA90A7 /* hi */ = {isa = PBXFileReference; lastKnownFileType = text.plist.strings; name = hi; path = hi.lproj/Localizable.strings; sourceTree = "<group>"; };
		EA57C8A5227084C800B7EDD7 /* Applocal.app */ = {isa = PBXFileReference; explicitFileType = wrapper.application; includeInIndex = 0; path = Applocal.app; sourceTree = BUILT_PRODUCTS_DIR; };
		EA57C8A8227084C800B7EDD7 /* AppDelegate.swift */ = {isa = PBXFileReference; lastKnownFileType = sourcecode.swift; path = AppDelegate.swift; sourceTree = "<group>"; };
		EA57C8AA227084C800B7EDD7 /* ViewController.swift */ = {isa = PBXFileReference; lastKnownFileType = sourcecode.swift; path = ViewController.swift; sourceTree = "<group>"; };
		EA57C8AD227084C800B7EDD7 /* Base */ = {isa = PBXFileReference; lastKnownFileType = file.storyboard; name = Base; path = Base.lproj/Main.storyboard; sourceTree = "<group>"; };
		EA57C8AF227084CD00B7EDD7 /* Assets.xcassets */ = {isa = PBXFileReference; lastKnownFileType = folder.assetcatalog; path = Assets.xcassets; sourceTree = "<group>"; };
		EA57C8B2227084CD00B7EDD7 /* Base */ = {isa = PBXFileReference; lastKnownFileType = file.storyboard; name = Base; path = Base.lproj/LaunchScreen.storyboard; sourceTree = "<group>"; };
		EA57C8B4227084CD00B7EDD7 /* Info.plist */ = {isa = PBXFileReference; lastKnownFileType = text.plist.xml; path = Info.plist; sourceTree = "<group>"; };
		EA57C8BF2270857B00B7EDD7 /* en */ = {isa = PBXFileReference; lastKnownFileType = text.plist.strings; name = en; path = en.lproj/Localizable.strings; sourceTree = "<group>"; };
		EA57C8C32270860400B7EDD7 /* en */ = {isa = PBXFileReference; lastKnownFileType = text.plist.strings; name = en; path = en.lproj/Main.strings; sourceTree = "<group>"; };
		EA57C8C422708A8D00B7EDD7 /* ar */ = {isa = PBXFileReference; lastKnownFileType = text.plist.strings; name = ar; path = ar.lproj/Main.strings; sourceTree = "<group>"; };
		EA57C8C522708A8D00B7EDD7 /* ar */ = {isa = PBXFileReference; lastKnownFileType = text.plist.strings; name = ar; path = ar.lproj/LaunchScreen.strings; sourceTree = "<group>"; };
		EA57C8C622708A8E00B7EDD7 /* ar */ = {isa = PBXFileReference; lastKnownFileType = text.plist.strings; name = ar; path = ar.lproj/Localizable.strings; sourceTree = "<group>"; };
/* End PBXFileReference section */

/* Begin PBXFrameworksBuildPhase section */
		EA57C8A2227084C800B7EDD7 /* Frameworks */ = {
			isa = PBXFrameworksBuildPhase;
			buildActionMask = 2147483647;
			files = (
			);
			runOnlyForDeploymentPostprocessing = 0;
		};
/* End PBXFrameworksBuildPhase section */

/* Begin PBXGroup section */
		EA57C89C227084C800B7EDD7 = {
			isa = PBXGroup;
			children = (
				EA57C8A7227084C800B7EDD7 /* Applocal */,
				EA57C8A6227084C800B7EDD7 /* Products */,
			);
			sourceTree = "<group>";
		};
		EA57C8A6227084C800B7EDD7 /* Products */ = {
			isa = PBXGroup;
			children = (
				EA57C8A5227084C800B7EDD7 /* Applocal.app */,
			);
			name = Products;
			sourceTree = "<group>";
		};
		EA57C8A7227084C800B7EDD7 /* Applocal */ = {
			isa = PBXGroup;
			children = (
				EA57C8A8227084C800B7EDD7 /* AppDelegate.swift */,
				EA57C8AA227084C800B7EDD7 /* ViewController.swift */,
				EA57C8AC227084C800B7EDD7 /* Main.storyboard */,
				EA57C8AF227084CD00B7EDD7 /* Assets.xcassets */,
				EA57C8B1227084CD00B7EDD7 /* LaunchScreen.storyboard */,
				EA57C8B4227084CD00B7EDD7 /* Info.plist */,
				EA57C8C02270857B00B7EDD7 /* Localizable.strings */,
			);
			path = Applocal;
			sourceTree = "<group>";
		};
/* End PBXGroup section */

/* Begin PBXNativeTarget section */
		EA57C8A4227084C800B7EDD7 /* Applocal */ = {
			isa = PBXNativeTarget;
			buildConfigurationList = EA57C8B7227084CD00B7EDD7 /* Build configuration list for PBXNativeTarget "Applocal" */;
			buildPhases = (
				EA57C8A1227084C800B7EDD7 /* Sources */,
				EA57C8A2227084C800B7EDD7 /* Frameworks */,
				EA57C8A3227084C800B7EDD7 /* Resources */,
			);
			buildRules = (
			);
			dependencies = (
			);
			name = Applocal;
			productName = Applocal;
			productReference = EA57C8A5227084C800B7EDD7 /* Applocal.app */;
			productType = "com.apple.product-type.application";
		};
/* End PBXNativeTarget section */

/* Begin PBXProject section */
		EA57C89D227084C800B7EDD7 /* Project object */ = {
			isa = PBXProject;
			attributes = {
				LastSwiftUpdateCheck = 1020;
				LastUpgradeCheck = 1020;
				ORGANIZATIONNAME = Latitude;
				TargetAttributes = {
					EA57C8A4227084C800B7EDD7 = {
						CreatedOnToolsVersion = 10.2;
					};
				};
			};
			buildConfigurationList = EA57C8A0227084C800B7EDD7 /* Build configuration list for PBXProject "Applocal" */;
			compatibilityVersion = "Xcode 9.3";
			developmentRegion = en;
			hasScannedForEncodings = 0;
			knownRegions = (
				en,
				Base,
				ar,
				hi,
			);
			mainGroup = EA57C89C227084C800B7EDD7;
			productRefGroup = EA57C8A6227084C800B7EDD7 /* Products */;
			projectDirPath = "";
			projectRoot = "";
			targets = (
				EA57C8A4227084C800B7EDD7 /* Applocal */,
			);
		};
/* End PBXProject section */

/* Begin PBXResourcesBuildPhase section */
		EA57C8A3227084C800B7EDD7 /* Resources */ = {
			isa = PBXResourcesBuildPhase;
			buildActionMask = 2147483647;
			files = (
				EA57C8B3227084CD00B7EDD7 /* LaunchScreen.storyboard in Resources */,
				EA57C8BE2270857B00B7EDD7 /* Localizable.strings in Resources */,
				EA57C8B0227084CD00B7EDD7 /* Assets.xcassets in Resources */,
				EA57C8AE227084C800B7EDD7 /* Main.storyboard in Resources */,
			);
			runOnlyForDeploymentPostprocessing = 0;
		};
/* End PBXResourcesBuildPhase section */

/* Begin PBXSourcesBuildPhase section */
		EA57C8A1227084C800B7EDD7 /* Sources */ = {
			isa = PBXSourcesBuildPhase;
			buildActionMask = 2147483647;
			files = (
				EA57C8AB227084C800B7EDD7 /* ViewController.swift in Sources */,
				EA57C8A9227084C800B7EDD7 /* AppDelegate.swift in Sources */,
			);
			runOnlyForDeploymentPostprocessing = 0;
		};
/* End PBXSourcesBuildPhase section */

/* Begin PBXVariantGroup section */
		EA57C8AC227084C800B7EDD7 /* Main.storyboard */ = {
			isa = PBXVariantGroup;
			children = (
				EA57C8AD227084C800B7EDD7 /* Base */,
				EA57C8C32270860400B7EDD7 /* en */,
				EA57C8C422708A8D00B7EDD7 /* ar */,
				EA4502EA2282B1E500BA90A7 /* hi */,
			);
			name = Main.storyboard;
			sourceTree = "<group>";
		};
		EA57C8B1227084CD00B7EDD7 /* LaunchScreen.storyboard */ = {
			isa = PBXVariantGroup;
			children = (
				EA57C8B2227084CD00B7EDD7 /* Base */,
				EA57C8C522708A8D00B7EDD7 /* ar */,
				EA4502EB2282B1E500BA90A7 /* hi */,
			);
			name = LaunchScreen.storyboard;
			sourceTree = "<group>";
		};
		EA57C8C02270857B00B7EDD7 /* Localizable.strings */ = {
			isa = PBXVariantGroup;
			children = (
				EA57C8BF2270857B00B7EDD7 /* en */,
				EA57C8C622708A8E00B7EDD7 /* ar */,
				EA4502EC2282B1E500BA90A7 /* hi */,
			);
			name = Localizable.strings;
			sourceTree = "<group>";
		};
/* End PBXVariantGroup section */

/* Begin XCBuildConfiguration section */
		EA57C8B5227084CD00B7EDD7 /* Debug */ = {
			isa = XCBuildConfiguration;
			buildSettings = {
				ALWAYS_SEARCH_USER_PATHS = NO;
				CLANG_ANALYZER_LOCALIZABILITY_NONLOCALIZED = YES;
				CLANG_ANALYZER_NONNULL = YES;
				CLANG_ANALYZER_NUMBER_OBJECT_CONVERSION = YES_AGGRESSIVE;
				CLANG_CXX_LANGUAGE_STANDARD = "gnu++14";
				CLANG_CXX_LIBRARY = "libc++";
				CLANG_ENABLE_MODULES = YES;
				CLANG_ENABLE_OBJC_ARC = YES;
				CLANG_ENABLE_OBJC_WEAK = YES;
				CLANG_WARN_BLOCK_CAPTURE_AUTORELEASING = YES;
				CLANG_WARN_BOOL_CONVERSION = YES;
				CLANG_WARN_COMMA = YES;
				CLANG_WARN_CONSTANT_CONVERSION = YES;
				CLANG_WARN_DEPRECATED_OBJC_IMPLEMENTATIONS = YES;
				CLANG_WARN_DIRECT_OBJC_ISA_USAGE = YES_ERROR;
				CLANG_WARN_DOCUMENTATION_COMMENTS = YES;
				CLANG_WARN_EMPTY_BODY = YES;
				CLANG_WARN_ENUM_CONVERSION = YES;
				CLANG_WARN_INFINITE_RECURSION = YES;
				CLANG_WARN_INT_CONVERSION = YES;
				CLANG_WARN_NON_LITERAL_NULL_CONVERSION = YES;
				CLANG_WARN_OBJC_IMPLICIT_RETAIN_SELF = YES;
				CLANG_WARN_OBJC_LITERAL_CONVERSION = YES;
				CLANG_WARN_OBJC_ROOT_CLASS = YES_ERROR;
				CLANG_WARN_RANGE_LOOP_ANALYSIS = YES;
				CLANG_WARN_STRICT_PROTOTYPES = YES;
				CLANG_WARN_SUSPICIOUS_MOVE = YES;
				CLANG_WARN_UNGUARDED_AVAILABILITY = YES_AGGRESSIVE;
				CLANG_WARN_UNREACHABLE_CODE = YES;
				CLANG_WARN__DUPLICATE_METHOD_MATCH = YES;
				CODE_SIGN_IDENTITY = "iPhone Developer";
				COPY_PHASE_STRIP = NO;
				DEBUG_INFORMATION_FORMAT = dwarf;
				ENABLE_STRICT_OBJC_MSGSEND = YES;
				ENABLE_TESTABILITY = YES;
				GCC_C_LANGUAGE_STANDARD = gnu11;
				GCC_DYNAMIC_NO_PIC = NO;
				GCC_NO_COMMON_BLOCKS = YES;
				GCC_OPTIMIZATION_LEVEL = 0;
				GCC_PREPROCESSOR_DEFINITIONS = (
					"DEBUG=1",
					"$(inherited)",
				);
				GCC_WARN_64_TO_32_BIT_CONVERSION = YES;
				GCC_WARN_ABOUT_RETURN_TYPE = YES_ERROR;
				GCC_WARN_UNDECLARED_SELECTOR = YES;
				GCC_WARN_UNINITIALIZED_AUTOS = YES_AGGRESSIVE;
				GCC_WARN_UNUSED_FUNCTION = YES;
				GCC_WARN_UNUSED_VARIABLE = YES;
				IPHONEOS_DEPLOYMENT_TARGET = 12.2;
				MTL_ENABLE_DEBUG_INFO = INCLUDE_SOURCE;
				MTL_FAST_MATH = YES;
				ONLY_ACTIVE_ARCH = YES;
				SDKROOT = iphoneos;
				SWIFT_ACTIVE_COMPILATION_CONDITIONS = DEBUG;
				SWIFT_OPTIMIZATION_LEVEL = "-Onone";
			};
			name = Debug;
		};
		EA57C8B6227084CD00B7EDD7 /* Release */ = {
			isa = XCBuildConfiguration;
			buildSettings = {
				ALWAYS_SEARCH_USER_PATHS = NO;
				CLANG_ANALYZER_LOCALIZABILITY_NONLOCALIZED = YES;
				CLANG_ANALYZER_NONNULL = YES;
				CLANG_ANALYZER_NUMBER_OBJECT_CONVERSION = YES_AGGRESSIVE;
				CLANG_CXX_LANGUAGE_STANDARD = "gnu++14";
				CLANG_CXX_LIBRARY = "libc++";
				CLANG_ENABLE_MODULES = YES;
				CLANG_ENABLE_OBJC_ARC = YES;
				CLANG_ENABLE_OBJC_WEAK = YES;
				CLANG_WARN_BLOCK_CAPTURE_AUTORELEASING = YES;
				CLANG_WARN_BOOL_CONVERSION = YES;
				CLANG_WARN_COMMA = YES;
				CLANG_WARN_CONSTANT_CONVERSION = YES;
				CLANG_WARN_DEPRECATED_OBJC_IMPLEMENTATIONS = YES;
				CLANG_WARN_DIRECT_OBJC_ISA_USAGE = YES_ERROR;
				CLANG_WARN_DOCUMENTATION_COMMENTS = YES;
				CLANG_WARN_EMPTY_BODY = YES;
				CLANG_WARN_ENUM_CONVERSION = YES;
				CLANG_WARN_INFINITE_RECURSION = YES;
				CLANG_WARN_INT_CONVERSION = YES;
				CLANG_WARN_NON_LITERAL_NULL_CONVERSION = YES;
				CLANG_WARN_OBJC_IMPLICIT_RETAIN_SELF = YES;
				CLANG_WARN_OBJC_LITERAL_CONVERSION = YES;
				CLANG_WARN_OBJC_ROOT_CLASS = YES_ERROR;
				CLANG_WARN_RANGE_LOOP_ANALYSIS = YES;
				CLANG_WARN_STRICT_PROTOTYPES = YES;
				CLANG_WARN_SUSPICIOUS_MOVE = YES;
				CLANG_WARN_UNGUARDED_AVAILABILITY = YES_AGGRESSIVE;
				CLANG_WARN_UNREACHABLE_CODE = YES;
				CLANG_WARN__DUPLICATE_METHOD_MATCH = YES;
				CODE_SIGN_IDENTITY = "iPhone Developer";
				COPY_PHASE_STRIP = NO;
				DEBUG_INFORMATION_FORMAT = "dwarf-with-dsym";
				ENABLE_NS_ASSERTIONS = NO;
				ENABLE_STRICT_OBJC_MSGSEND = YES;
				GCC_C_LANGUAGE_STANDARD = gnu11;
				GCC_NO_COMMON_BLOCKS = YES;
				GCC_WARN_64_TO_32_BIT_CONVERSION = YES;
				GCC_WARN_ABOUT_RETURN_TYPE = YES_ERROR;
				GCC_WARN_UNDECLARED_SELECTOR = YES;
				GCC_WARN_UNINITIALIZED_AUTOS = YES_AGGRESSIVE;
				GCC_WARN_UNUSED_FUNCTION = YES;
				GCC_WARN_UNUSED_VARIABLE = YES;
				IPHONEOS_DEPLOYMENT_TARGET = 12.2;
				MTL_ENABLE_DEBUG_INFO = NO;
				MTL_FAST_MATH = YES;
				SDKROOT = iphoneos;
				SWIFT_COMPILATION_MODE = wholemodule;
				SWIFT_OPTIMIZATION_LEVEL = "-O";
				VALIDATE_PRODUCT = YES;
			};
			name = Release;
		};
		EA57C8B8227084CD00B7EDD7 /* Debug */ = {
			isa = XCBuildConfiguration;
			buildSettings = {
				ASSETCATALOG_COMPILER_APPICON_NAME = AppIcon;
				CODE_SIGN_STYLE = Automatic;
				INFOPLIST_FILE = Applocal/Info.plist;
				LD_RUNPATH_SEARCH_PATHS = (
					"$(inherited)",
					"@executable_path/Frameworks",
				);
				PRODUCT_BUNDLE_IDENTIFIER = Latitude.Applocal;
				PRODUCT_NAME = "$(TARGET_NAME)";
				SWIFT_VERSION = 5.0;
				TARGETED_DEVICE_FAMILY = "1,2";
			};
			name = Debug;
		};
		EA57C8B9227084CD00B7EDD7 /* Release */ = {
			isa = XCBuildConfiguration;
			buildSettings = {
				ASSETCATALOG_COMPILER_APPICON_NAME = AppIcon;
				CODE_SIGN_STYLE = Automatic;
				INFOPLIST_FILE = Applocal/Info.plist;
				LD_RUNPATH_SEARCH_PATHS = (
					"$(inherited)",
					"@executable_path/Frameworks",
				);
				PRODUCT_BUNDLE_IDENTIFIER = Latitude.Applocal;
				PRODUCT_NAME = "$(TARGET_NAME)";
				SWIFT_VERSION = 5.0;
				TARGETED_DEVICE_FAMILY = "1,2";
			};
			name = Release;
		};
/* End XCBuildConfiguration section */

/* Begin XCConfigurationList section */
		EA57C8A0227084C800B7EDD7 /* Build configuration list for PBXProject "Applocal" */ = {
			isa = XCConfigurationList;
			buildConfigurations = (
				EA57C8B5227084CD00B7EDD7 /* Debug */,
				EA57C8B6227084CD00B7EDD7 /* Release */,
			);
			defaultConfigurationIsVisible = 0;
			defaultConfigurationName = Release;
		};
		EA57C8B7227084CD00B7EDD7 /* Build configuration list for PBXNativeTarget "Applocal" */ = {
			isa = XCConfigurationList;
			buildConfigurations = (
				EA57C8B8227084CD00B7EDD7 /* Debug */,
				EA57C8B9227084CD00B7EDD7 /* Release */,
			);
			defaultConfigurationIsVisible = 0;
			defaultConfigurationName = Release;
		};
/* End XCConfigurationList section */
	};
	rootObject = EA57C89D227084C800B7EDD7 /* Project object */;
}
